
Microsoft Visual Studio Solution File, Format Version 12.00
# Visual Studio Version 17
VisualStudioVersion = 17.5.33516.290
MinimumVisualStudioVersion = 10.0.40219.1
Project("{FAE04EC0-301F-11D3-BF4B-00C04F79EFBC}") = "SurfaceCalculator", "SurfaceCalculator\SurfaceCalculator.csproj", "{E86BE474-B34E-46F0-8ED3-12F6358330A6}"
EndProject
Project("{FAE04EC0-301F-11D3-BF4B-00C04F79EFBC}") = "SurfaceCalculatorTest", "SurfaceCalculatorTest\SurfaceCalculatorTest.csproj", "{F1149F22-C143-4C9E-8895-B167780F1DBE}"
EndProject
Global
	GlobalSection(SolutionConfigurationPlatforms) = preSolution
		Debug|Any CPU = Debug|Any CPU
		Release|Any CPU = Release|Any CPU
	EndGlobalSection
	GlobalSection(ProjectConfigurationPlatforms) = postSolution
		{E86BE474-B34E-46F0-8ED3-12F6358330A6}.Debug|Any CPU.ActiveCfg = Debug|Any CPU
		{E86BE474-B34E-46F0-8ED3-12F6358330A6}.Debug|Any CPU.Build.0 = Debug|Any CPU
		{E86BE474-B34E-46F0-8ED3-12F6358330A6}.Release|Any CPU.ActiveCfg = Release|Any CPU
		{E86BE474-B34E-46F0-8ED3-12F6358330A6}.Release|Any CPU.Build.0 = Release|Any CPU
		{F1149F22-C143-4C9E-8895-B167780F1DBE}.Debug|Any CPU.ActiveCfg = Debug|Any CPU
		{F1149F22-C143-4C9E-8895-B167780F1DBE}.Debug|Any CPU.Build.0 = Debug|Any CPU
		{F1149F22-C143-4C9E-8895-B167780F1DBE}.Release|Any CPU.ActiveCfg = Release|Any CPU
		{F1149F22-C143-4C9E-8895-B167780F1DBE}.Release|Any CPU.Build.0 = Release|Any CPU
	EndGlobalSection
	GlobalSection(SolutionProperties) = preSolution
		HideSolutionNode = FALSE
	EndGlobalSection
	GlobalSection(ExtensibilityGlobals) = postSolution
		SolutionGuid = {0617E014-22C0-4407-A00B-EB8F2FF0EB51}
	EndGlobalSection
EndGlobal
